// !$*UTF8*$!
{
	archiveVersion = 1;
	classes = {
	};
	objectVersion = 56;
	objects = {

/* Begin PBXBuildFile section */
		EB19A7322C539FB2009ACF21 /* RealityKitContent in Frameworks */ = {isa = PBXBuildFile; productRef = EB19A7312C539FB2009ACF21 /* RealityKitContent */; };
		EB19A7342C539FB2009ACF21 /* VisionOS_Course_Trial_01App.swift in Sources */ = {isa = PBXBuildFile; fileRef = EB19A7332C539FB2009ACF21 /* VisionOS_Course_Trial_01App.swift */; };
		EB19A7362C539FB2009ACF21 /* ContentView.swift in Sources */ = {isa = PBXBuildFile; fileRef = EB19A7352C539FB2009ACF21 /* ContentView.swift */; };
		EB19A7382C539FB2009ACF21 /* ImmersiveView.swift in Sources */ = {isa = PBXBuildFile; fileRef = EB19A7372C539FB2009ACF21 /* ImmersiveView.swift */; };
		EB19A73A2C539FB3009ACF21 /* Assets.xcassets in Resources */ = {isa = PBXBuildFile; fileRef = EB19A7392C539FB3009ACF21 /* Assets.xcassets */; };
		EB19A73D2C539FB3009ACF21 /* Preview Assets.xcassets in Resources */ = {isa = PBXBuildFile; fileRef = EB19A73C2C539FB3009ACF21 /* Preview Assets.xcassets */; };
		EB19A74F2C53A26C009ACF21 /* Mars.usdz in Resources */ = {isa = PBXBuildFile; fileRef = EB19A7442C53A266009ACF21 /* Mars.usdz */; };
		EB19A7502C53A26C009ACF21 /* Moon.usdz in Resources */ = {isa = PBXBuildFile; fileRef = EB19A7452C53A267009ACF21 /* Moon.usdz */; };
		EB19A7512C53A26C009ACF21 /* Earth.usdz in Resources */ = {isa = PBXBuildFile; fileRef = EB19A7462C53A268009ACF21 /* Earth.usdz */; };
		EB19A7522C53A26C009ACF21 /* Pluto.usdz in Resources */ = {isa = PBXBuildFile; fileRef = EB19A7472C53A268009ACF21 /* Pluto.usdz */; };
		EB19A7532C53A26C009ACF21 /* Uranus.usdz in Resources */ = {isa = PBXBuildFile; fileRef = EB19A7482C53A269009ACF21 /* Uranus.usdz */; };
		EB19A7542C53A26C009ACF21 /* Saturn.usdz in Resources */ = {isa = PBXBuildFile; fileRef = EB19A7492C53A269009ACF21 /* Saturn.usdz */; };
		EB19A7552C53A26C009ACF21 /* Neptune.usdz in Resources */ = {isa = PBXBuildFile; fileRef = EB19A74A2C53A26A009ACF21 /* Neptune.usdz */; };
		EB19A7562C53A26C009ACF21 /* Jupiter.usdz in Resources */ = {isa = PBXBuildFile; fileRef = EB19A74B2C53A26A009ACF21 /* Jupiter.usdz */; };
		EB19A7572C53A26C009ACF21 /* Venus.usdz in Resources */ = {isa = PBXBuildFile; fileRef = EB19A74C2C53A26B009ACF21 /* Venus.usdz */; };
		EB19A7582C53A26C009ACF21 /* Mercury.usdz in Resources */ = {isa = PBXBuildFile; fileRef = EB19A74D2C53A26B009ACF21 /* Mercury.usdz */; };
		EB19A7592C53A26C009ACF21 /* Sun.usdz in Resources */ = {isa = PBXBuildFile; fileRef = EB19A74E2C53A26C009ACF21 /* Sun.usdz */; };
		EB19A75E2C53A43C009ACF21 /* Solar System.swift in Sources */ = {isa = PBXBuildFile; fileRef = EB19A75D2C53A43C009ACF21 /* Solar System.swift */; };
		EB19A7602C53A44E009ACF21 /* Planets.swift in Sources */ = {isa = PBXBuildFile; fileRef = EB19A75F2C53A44E009ACF21 /* Planets.swift */; };
		EB19A7642C53A9FB009ACF21 /* Earth.swift in Sources */ = {isa = PBXBuildFile; fileRef = EB19A7632C53A9FB009ACF21 /* Earth.swift */; };
/* End PBXBuildFile section */

/* Begin PBXFileReference section */
		EB19A72C2C539FB2009ACF21 /* VisionOS Course Trial 01.app */ = {isa = PBXFileReference; explicitFileType = wrapper.application; includeInIndex = 0; path = "VisionOS Course Trial 01.app"; sourceTree = BUILT_PRODUCTS_DIR; };
		EB19A7302C539FB2009ACF21 /* RealityKitContent */ = {isa = PBXFileReference; lastKnownFileType = wrapper; path = RealityKitContent; sourceTree = "<group>"; };
		EB19A7332C539FB2009ACF21 /* VisionOS_Course_Trial_01App.swift */ = {isa = PBXFileReference; lastKnownFileType = sourcecode.swift; path = VisionOS_Course_Trial_01App.swift; sourceTree = "<group>"; };
		EB19A7352C539FB2009ACF21 /* ContentView.swift */ = {isa = PBXFileReference; lastKnownFileType = sourcecode.swift; path = ContentView.swift; sourceTree = "<group>"; };
		EB19A7372C539FB2009ACF21 /* ImmersiveView.swift */ = {isa = PBXFileReference; lastKnownFileType = sourcecode.swift; path = ImmersiveView.swift; sourceTree = "<group>"; };
		EB19A7392C539FB3009ACF21 /* Assets.xcassets */ = {isa = PBXFileReference; lastKnownFileType = folder.assetcatalog; path = Assets.xcassets; sourceTree = "<group>"; };
		EB19A73C2C539FB3009ACF21 /* Preview Assets.xcassets */ = {isa = PBXFileReference; lastKnownFileType = folder.assetcatalog; path = "Preview Assets.xcassets"; sourceTree = "<group>"; };
		EB19A73E2C539FB3009ACF21 /* Info.plist */ = {isa = PBXFileReference; lastKnownFileType = text.plist.xml; path = Info.plist; sourceTree = "<group>"; };
		EB19A7442C53A266009ACF21 /* Mars.usdz */ = {isa = PBXFileReference; lastKnownFileType = file.usdz; path = Mars.usdz; sourceTree = "<group>"; };
		EB19A7452C53A267009ACF21 /* Moon.usdz */ = {isa = PBXFileReference; lastKnownFileType = file.usdz; path = Moon.usdz; sourceTree = "<group>"; };
		EB19A7462C53A268009ACF21 /* Earth.usdz */ = {isa = PBXFileReference; lastKnownFileType = file.usdz; path = Earth.usdz; sourceTree = "<group>"; };
		EB19A7472C53A268009ACF21 /* Pluto.usdz */ = {isa = PBXFileReference; lastKnownFileType = file.usdz; path = Pluto.usdz; sourceTree = "<group>"; };
		EB19A7482C53A269009ACF21 /* Uranus.usdz */ = {isa = PBXFileReference; lastKnownFileType = file.usdz; path = Uranus.usdz; sourceTree = "<group>"; };
		EB19A7492C53A269009ACF21 /* Saturn.usdz */ = {isa = PBXFileReference; lastKnownFileType = file.usdz; path = Saturn.usdz; sourceTree = "<group>"; };
		EB19A74A2C53A26A009ACF21 /* Neptune.usdz */ = {isa = PBXFileReference; lastKnownFileType = file.usdz; path = Neptune.usdz; sourceTree = "<group>"; };
		EB19A74B2C53A26A009ACF21 /* Jupiter.usdz */ = {isa = PBXFileReference; lastKnownFileType = file.usdz; path = Jupiter.usdz; sourceTree = "<group>"; };
		EB19A74C2C53A26B009ACF21 /* Venus.usdz */ = {isa = PBXFileReference; lastKnownFileType = file.usdz; path = Venus.usdz; sourceTree = "<group>"; };
		EB19A74D2C53A26B009ACF21 /* Mercury.usdz */ = {isa = PBXFileReference; lastKnownFileType = file.usdz; path = Mercury.usdz; sourceTree = "<group>"; };
		EB19A74E2C53A26C009ACF21 /* Sun.usdz */ = {isa = PBXFileReference; lastKnownFileType = file.usdz; path = Sun.usdz; sourceTree = "<group>"; };
		EB19A75D2C53A43C009ACF21 /* Solar System.swift */ = {isa = PBXFileReference; lastKnownFileType = sourcecode.swift; path = "Solar System.swift"; sourceTree = "<group>"; };
		EB19A75F2C53A44E009ACF21 /* Planets.swift */ = {isa = PBXFileReference; lastKnownFileType = sourcecode.swift; path = Planets.swift; sourceTree = "<group>"; };
		EB19A7632C53A9FB009ACF21 /* Earth.swift */ = {isa = PBXFileReference; lastKnownFileType = sourcecode.swift; path = Earth.swift; sourceTree = "<group>"; };
/* End PBXFileReference section */

/* Begin PBXFrameworksBuildPhase section */
		EB19A7292C539FB2009ACF21 /* Frameworks */ = {
			isa = PBXFrameworksBuildPhase;
			buildActionMask = 2147483647;
			files = (
				EB19A7322C539FB2009ACF21 /* RealityKitContent in Frameworks */,
			);
			runOnlyForDeploymentPostprocessing = 0;
		};
/* End PBXFrameworksBuildPhase section */

/* Begin PBXGroup section */
		EB19A7232C539FB2009ACF21 = {
			isa = PBXGroup;
			children = (
				EB19A72E2C539FB2009ACF21 /* VisionOS Course Trial 01 */,
				EB19A72F2C539FB2009ACF21 /* Packages */,
				EB19A72D2C539FB2009ACF21 /* Products */,
			);
			sourceTree = "<group>";
		};
		EB19A72D2C539FB2009ACF21 /* Products */ = {
			isa = PBXGroup;
			children = (
				EB19A72C2C539FB2009ACF21 /* VisionOS Course Trial 01.app */,
			);
			name = Products;
			sourceTree = "<group>";
		};
		EB19A72E2C539FB2009ACF21 /* VisionOS Course Trial 01 */ = {
			isa = PBXGroup;
			children = (
				EB19A7332C539FB2009ACF21 /* VisionOS_Course_Trial_01App.swift */,
				EB19A7352C539FB2009ACF21 /* ContentView.swift */,
				EB19A75D2C53A43C009ACF21 /* Solar System.swift */,
				EB19A75F2C53A44E009ACF21 /* Planets.swift */,
				EB19A7632C53A9FB009ACF21 /* Earth.swift */,
				EB19A7372C539FB2009ACF21 /* ImmersiveView.swift */,
				EB19A75A2C53A276009ACF21 /* Models */,
				EB19A7392C539FB3009ACF21 /* Assets.xcassets */,
				EB19A73E2C539FB3009ACF21 /* Info.plist */,
				EB19A73B2C539FB3009ACF21 /* Preview Content */,
			);
			path = "VisionOS Course Trial 01";
			sourceTree = "<group>";
		};
		EB19A72F2C539FB2009ACF21 /* Packages */ = {
			isa = PBXGroup;
			children = (
				EB19A7302C539FB2009ACF21 /* RealityKitContent */,
			);
			path = Packages;
			sourceTree = "<group>";
		};
		EB19A73B2C539FB3009ACF21 /* Preview Content */ = {
			isa = PBXGroup;
			children = (
				EB19A73C2C539FB3009ACF21 /* Preview Assets.xcassets */,
			);
			path = "Preview Content";
			sourceTree = "<group>";
		};
		EB19A75A2C53A276009ACF21 /* Models */ = {
			isa = PBXGroup;
			children = (
				EB19A7462C53A268009ACF21 /* Earth.usdz */,
				EB19A74B2C53A26A009ACF21 /* Jupiter.usdz */,
				EB19A7442C53A266009ACF21 /* Mars.usdz */,
				EB19A74D2C53A26B009ACF21 /* Mercury.usdz */,
				EB19A7452C53A267009ACF21 /* Moon.usdz */,
				EB19A74A2C53A26A009ACF21 /* Neptune.usdz */,
				EB19A7472C53A268009ACF21 /* Pluto.usdz */,
				EB19A7492C53A269009ACF21 /* Saturn.usdz */,
				EB19A74E2C53A26C009ACF21 /* Sun.usdz */,
				EB19A7482C53A269009ACF21 /* Uranus.usdz */,
				EB19A74C2C53A26B009ACF21 /* Venus.usdz */,
			);
			path = Models;
			sourceTree = "<group>";
		};
/* End PBXGroup section */

/* Begin PBXNativeTarget section */
		EB19A72B2C539FB2009ACF21 /* VisionOS Course Trial 01 */ = {
			isa = PBXNativeTarget;
			buildConfigurationList = EB19A7412C539FB3009ACF21 /* Build configuration list for PBXNativeTarget "VisionOS Course Trial 01" */;
			buildPhases = (
				EB19A7282C539FB2009ACF21 /* Sources */,
				EB19A7292C539FB2009ACF21 /* Frameworks */,
				EB19A72A2C539FB2009ACF21 /* Resources */,
			);
			buildRules = (
			);
			dependencies = (
			);
			name = "VisionOS Course Trial 01";
			packageProductDependencies = (
				EB19A7312C539FB2009ACF21 /* RealityKitContent */,
			);
			productName = "VisionOS Course Trial 01";
			productReference = EB19A72C2C539FB2009ACF21 /* VisionOS Course Trial 01.app */;
			productType = "com.apple.product-type.application";
		};
/* End PBXNativeTarget section */

/* Begin PBXProject section */
		EB19A7242C539FB2009ACF21 /* Project object */ = {
			isa = PBXProject;
			attributes = {
				BuildIndependentTargetsInParallel = 1;
				LastSwiftUpdateCheck = 1540;
				LastUpgradeCheck = 1540;
				TargetAttributes = {
					EB19A72B2C539FB2009ACF21 = {
						CreatedOnToolsVersion = 15.4;
					};
				};
			};
			buildConfigurationList = EB19A7272C539FB2009ACF21 /* Build configuration list for PBXProject "VisionOS Course Trial 01" */;
			compatibilityVersion = "Xcode 14.0";
			developmentRegion = en;
			hasScannedForEncodings = 0;
			knownRegions = (
				en,
				Base,
			);
			mainGroup = EB19A7232C539FB2009ACF21;
			productRefGroup = EB19A72D2C539FB2009ACF21 /* Products */;
			projectDirPath = "";
			projectRoot = "";
			targets = (
				EB19A72B2C539FB2009ACF21 /* VisionOS Course Trial 01 */,
			);
		};
/* End PBXProject section */

/* Begin PBXResourcesBuildPhase section */
		EB19A72A2C539FB2009ACF21 /* Resources */ = {
			isa = PBXResourcesBuildPhase;
			buildActionMask = 2147483647;
			files = (
				EB19A73D2C539FB3009ACF21 /* Preview Assets.xcassets in Resources */,
				EB19A7562C53A26C009ACF21 /* Jupiter.usdz in Resources */,
				EB19A7532C53A26C009ACF21 /* Uranus.usdz in Resources */,
				EB19A7512C53A26C009ACF21 /* Earth.usdz in Resources */,
				EB19A74F2C53A26C009ACF21 /* Mars.usdz in Resources */,
				EB19A7592C53A26C009ACF21 /* Sun.usdz in Resources */,
				EB19A7542C53A26C009ACF21 /* Saturn.usdz in Resources */,
				EB19A7572C53A26C009ACF21 /* Venus.usdz in Resources */,
				EB19A7552C53A26C009ACF21 /* Neptune.usdz in Resources */,
				EB19A7502C53A26C009ACF21 /* Moon.usdz in Resources */,
				EB19A7522C53A26C009ACF21 /* Pluto.usdz in Resources */,
				EB19A73A2C539FB3009ACF21 /* Assets.xcassets in Resources */,
				EB19A7582C53A26C009ACF21 /* Mercury.usdz in Resources */,
			);
			runOnlyForDeploymentPostprocessing = 0;
		};
/* End PBXResourcesBuildPhase section */

/* Begin PBXSourcesBuildPhase section */
		EB19A7282C539FB2009ACF21 /* Sources */ = {
			isa = PBXSourcesBuildPhase;
			buildActionMask = 2147483647;
			files = (
				EB19A7362C539FB2009ACF21 /* ContentView.swift in Sources */,
				EB19A7602C53A44E009ACF21 /* Planets.swift in Sources */,
				EB19A7642C53A9FB009ACF21 /* Earth.swift in Sources */,
				EB19A7342C539FB2009ACF21 /* VisionOS_Course_Trial_01App.swift in Sources */,
				EB19A7382C539FB2009ACF21 /* ImmersiveView.swift in Sources */,
				EB19A75E2C53A43C009ACF21 /* Solar System.swift in Sources */,
			);
			runOnlyForDeploymentPostprocessing = 0;
		};
/* End PBXSourcesBuildPhase section */

/* Begin XCBuildConfiguration section */
		EB19A73F2C539FB3009ACF21 /* Debug */ = {
			isa = XCBuildConfiguration;
			buildSettings = {
				ALWAYS_SEARCH_USER_PATHS = NO;
				ASSETCATALOG_COMPILER_GENERATE_SWIFT_ASSET_SYMBOL_EXTENSIONS = YES;
				CLANG_ANALYZER_NONNULL = YES;
				CLANG_ANALYZER_NUMBER_OBJECT_CONVERSION = YES_AGGRESSIVE;
				CLANG_CXX_LANGUAGE_STANDARD = "gnu++20";
				CLANG_ENABLE_MODULES = YES;
				CLANG_ENABLE_OBJC_ARC = YES;
				CLANG_ENABLE_OBJC_WEAK = YES;
				CLANG_WARN_BLOCK_CAPTURE_AUTORELEASING = YES;
				CLANG_WARN_BOOL_CONVERSION = YES;
				CLANG_WARN_COMMA = YES;
				CLANG_WARN_CONSTANT_CONVERSION = YES;
				CLANG_WARN_DEPRECATED_OBJC_IMPLEMENTATIONS = YES;
				CLANG_WARN_DIRECT_OBJC_ISA_USAGE = YES_ERROR;
				CLANG_WARN_DOCUMENTATION_COMMENTS = YES;
				CLANG_WARN_EMPTY_BODY = YES;
				CLANG_WARN_ENUM_CONVERSION = YES;
				CLANG_WARN_INFINITE_RECURSION = YES;
				CLANG_WARN_INT_CONVERSION = YES;
				CLANG_WARN_NON_LITERAL_NULL_CONVERSION = YES;
				CLANG_WARN_OBJC_IMPLICIT_RETAIN_SELF = YES;
				CLANG_WARN_OBJC_LITERAL_CONVERSION = YES;
				CLANG_WARN_OBJC_ROOT_CLASS = YES_ERROR;
				CLANG_WARN_QUOTED_INCLUDE_IN_FRAMEWORK_HEADER = YES;
				CLANG_WARN_RANGE_LOOP_ANALYSIS = YES;
				CLANG_WARN_STRICT_PROTOTYPES = YES;
				CLANG_WARN_SUSPICIOUS_MOVE = YES;
				CLANG_WARN_UNGUARDED_AVAILABILITY = YES_AGGRESSIVE;
				CLANG_WARN_UNREACHABLE_CODE = YES;
				CLANG_WARN__DUPLICATE_METHOD_MATCH = YES;
				COPY_PHASE_STRIP = NO;
				DEBUG_INFORMATION_FORMAT = dwarf;
				ENABLE_STRICT_OBJC_MSGSEND = YES;
				ENABLE_TESTABILITY = YES;
				ENABLE_USER_SCRIPT_SANDBOXING = YES;
				GCC_C_LANGUAGE_STANDARD = gnu17;
				GCC_DYNAMIC_NO_PIC = NO;
				GCC_NO_COMMON_BLOCKS = YES;
				GCC_OPTIMIZATION_LEVEL = 0;
				GCC_PREPROCESSOR_DEFINITIONS = (
					"DEBUG=1",
					"$(inherited)",
				);
				GCC_WARN_64_TO_32_BIT_CONVERSION = YES;
				GCC_WARN_ABOUT_RETURN_TYPE = YES_ERROR;
				GCC_WARN_UNDECLARED_SELECTOR = YES;
				GCC_WARN_UNINITIALIZED_AUTOS = YES_AGGRESSIVE;
				GCC_WARN_UNUSED_FUNCTION = YES;
				GCC_WARN_UNUSED_VARIABLE = YES;
				LOCALIZATION_PREFERS_STRING_CATALOGS = YES;
				MTL_ENABLE_DEBUG_INFO = INCLUDE_SOURCE;
				MTL_FAST_MATH = YES;
				ONLY_ACTIVE_ARCH = YES;
				SDKROOT = xros;
				SWIFT_ACTIVE_COMPILATION_CONDITIONS = "DEBUG $(inherited)";
				SWIFT_OPTIMIZATION_LEVEL = "-Onone";
				XROS_DEPLOYMENT_TARGET = 1.2;
			};
			name = Debug;
		};
		EB19A7402C539FB3009ACF21 /* Release */ = {
			isa = XCBuildConfiguration;
			buildSettings = {
				ALWAYS_SEARCH_USER_PATHS = NO;
				ASSETCATALOG_COMPILER_GENERATE_SWIFT_ASSET_SYMBOL_EXTENSIONS = YES;
				CLANG_ANALYZER_NONNULL = YES;
				CLANG_ANALYZER_NUMBER_OBJECT_CONVERSION = YES_AGGRESSIVE;
				CLANG_CXX_LANGUAGE_STANDARD = "gnu++20";
				CLANG_ENABLE_MODULES = YES;
				CLANG_ENABLE_OBJC_ARC = YES;
				CLANG_ENABLE_OBJC_WEAK = YES;
				CLANG_WARN_BLOCK_CAPTURE_AUTORELEASING = YES;
				CLANG_WARN_BOOL_CONVERSION = YES;
				CLANG_WARN_COMMA = YES;
				CLANG_WARN_CONSTANT_CONVERSION = YES;
				CLANG_WARN_DEPRECATED_OBJC_IMPLEMENTATIONS = YES;
				CLANG_WARN_DIRECT_OBJC_ISA_USAGE = YES_ERROR;
				CLANG_WARN_DOCUMENTATION_COMMENTS = YES;
				CLANG_WARN_EMPTY_BODY = YES;
				CLANG_WARN_ENUM_CONVERSION = YES;
				CLANG_WARN_INFINITE_RECURSION = YES;
				CLANG_WARN_INT_CONVERSION = YES;
				CLANG_WARN_NON_LITERAL_NULL_CONVERSION = YES;
				CLANG_WARN_OBJC_IMPLICIT_RETAIN_SELF = YES;
				CLANG_WARN_OBJC_LITERAL_CONVERSION = YES;
				CLANG_WARN_OBJC_ROOT_CLASS = YES_ERROR;
				CLANG_WARN_QUOTED_INCLUDE_IN_FRAMEWORK_HEADER = YES;
				CLANG_WARN_RANGE_LOOP_ANALYSIS = YES;
				CLANG_WARN_STRICT_PROTOTYPES = YES;
				CLANG_WARN_SUSPICIOUS_MOVE = YES;
				CLANG_WARN_UNGUARDED_AVAILABILITY = YES_AGGRESSIVE;
				CLANG_WARN_UNREACHABLE_CODE = YES;
				CLANG_WARN__DUPLICATE_METHOD_MATCH = YES;
				COPY_PHASE_STRIP = NO;
				DEBUG_INFORMATION_FORMAT = "dwarf-with-dsym";
				ENABLE_NS_ASSERTIONS = NO;
				ENABLE_STRICT_OBJC_MSGSEND = YES;
				ENABLE_USER_SCRIPT_SANDBOXING = YES;
				GCC_C_LANGUAGE_STANDARD = gnu17;
				GCC_NO_COMMON_BLOCKS = YES;
				GCC_WARN_64_TO_32_BIT_CONVERSION = YES;
				GCC_WARN_ABOUT_RETURN_TYPE = YES_ERROR;
				GCC_WARN_UNDECLARED_SELECTOR = YES;
				GCC_WARN_UNINITIALIZED_AUTOS = YES_AGGRESSIVE;
				GCC_WARN_UNUSED_FUNCTION = YES;
				GCC_WARN_UNUSED_VARIABLE = YES;
				LOCALIZATION_PREFERS_STRING_CATALOGS = YES;
				MTL_ENABLE_DEBUG_INFO = NO;
				MTL_FAST_MATH = YES;
				SDKROOT = xros;
				SWIFT_COMPILATION_MODE = wholemodule;
				VALIDATE_PRODUCT = YES;
				XROS_DEPLOYMENT_TARGET = 1.2;
			};
			name = Release;
		};
		EB19A7422C539FB3009ACF21 /* Debug */ = {
			isa = XCBuildConfiguration;
			buildSettings = {
				ASSETCATALOG_COMPILER_APPICON_NAME = AppIcon;
				ASSETCATALOG_COMPILER_GLOBAL_ACCENT_COLOR_NAME = AccentColor;
				CODE_SIGN_STYLE = Automatic;
				CURRENT_PROJECT_VERSION = 1;
				DEVELOPMENT_ASSET_PATHS = "\"VisionOS Course Trial 01/Preview Content\"";
				DEVELOPMENT_TEAM = U6J89WKGHB;
				ENABLE_PREVIEWS = YES;
				GENERATE_INFOPLIST_FILE = YES;
				INFOPLIST_FILE = "$(TARGET_NAME)/Info.plist";
				LD_RUNPATH_SEARCH_PATHS = (
					"$(inherited)",
					"@executable_path/Frameworks",
				);
				MARKETING_VERSION = 1.0;
				PRODUCT_BUNDLE_IDENTIFIER = "com.clarezhou.VisionOS-Course-Trial-01";
				PRODUCT_NAME = "$(TARGET_NAME)";
				SUPPORTED_PLATFORMS = "xros xrsimulator";
				SWIFT_EMIT_LOC_STRINGS = YES;
				SWIFT_VERSION = 5.0;
				TARGETED_DEVICE_FAMILY = "1,2,7";
			};
			name = Debug;
		};
		EB19A7432C539FB3009ACF21 /* Release */ = {
			isa = XCBuildConfiguration;
			buildSettings = {
				ASSETCATALOG_COMPILER_APPICON_NAME = AppIcon;
				ASSETCATALOG_COMPILER_GLOBAL_ACCENT_COLOR_NAME = AccentColor;
				CODE_SIGN_STYLE = Automatic;
				CURRENT_PROJECT_VERSION = 1;
				DEVELOPMENT_ASSET_PATHS = "\"VisionOS Course Trial 01/Preview Content\"";
				DEVELOPMENT_TEAM = U6J89WKGHB;
				ENABLE_PREVIEWS = YES;
				GENERATE_INFOPLIST_FILE = YES;
				INFOPLIST_FILE = "$(TARGET_NAME)/Info.plist";
				LD_RUNPATH_SEARCH_PATHS = (
					"$(inherited)",
					"@executable_path/Frameworks",
				);
				MARKETING_VERSION = 1.0;
				PRODUCT_BUNDLE_IDENTIFIER = "com.clarezhou.VisionOS-Course-Trial-01";
				PRODUCT_NAME = "$(TARGET_NAME)";
				SUPPORTED_PLATFORMS = "xros xrsimulator";
				SWIFT_EMIT_LOC_STRINGS = YES;
				SWIFT_VERSION = 5.0;
				TARGETED_DEVICE_FAMILY = "1,2,7";
			};
			name = Release;
		};
/* End XCBuildConfiguration section */

/* Begin XCConfigurationList section */
		EB19A7272C539FB2009ACF21 /* Build configuration list for PBXProject "VisionOS Course Trial 01" */ = {
			isa = XCConfigurationList;
			buildConfigurations = (
				EB19A73F2C539FB3009ACF21 /* Debug */,
				EB19A7402C539FB3009ACF21 /* Release */,
			);
			defaultConfigurationIsVisible = 0;
			defaultConfigurationName = Release;
		};
		EB19A7412C539FB3009ACF21 /* Build configuration list for PBXNativeTarget "VisionOS Course Trial 01" */ = {
			isa = XCConfigurationList;
			buildConfigurations = (
				EB19A7422C539FB3009ACF21 /* Debug */,
				EB19A7432C539FB3009ACF21 /* Release */,
			);
			defaultConfigurationIsVisible = 0;
			defaultConfigurationName = Release;
		};
/* End XCConfigurationList section */

/* Begin XCSwiftPackageProductDependency section */
		EB19A7312C539FB2009ACF21 /* RealityKitContent */ = {
			isa = XCSwiftPackageProductDependency;
			productName = RealityKitContent;
		};
/* End XCSwiftPackageProductDependency section */
	};
	rootObject = EB19A7242C539FB2009ACF21 /* Project object */;
}
